
Microsoft Visual Studio Solution File, Format Version 12.00
Project("{FAE04EC0-301F-11D3-BF4B-00C04F79EFBC}") = "WikiGame", "WikiGame.csproj", "{8C0434F9-2ED5-4E2F-ABC8-688FDBC4164C}"
EndProject
Global
	GlobalSection(SolutionConfigurationPlatforms) = preSolution
		Debug|Any CPU = Debug|Any CPU
		Release|Any CPU = Release|Any CPU
	EndGlobalSection
	GlobalSection(ProjectConfigurationPlatforms) = postSolution
		{8C0434F9-2ED5-4E2F-ABC8-688FDBC4164C}.Debug|Any CPU.ActiveCfg = Debug|Any CPU
		{8C0434F9-2ED5-4E2F-ABC8-688FDBC4164C}.Debug|Any CPU.Build.0 = Debug|Any CPU
		{8C0434F9-2ED5-4E2F-ABC8-688FDBC4164C}.Release|Any CPU.ActiveCfg = Release|Any CPU
		{8C0434F9-2ED5-4E2F-ABC8-688FDBC4164C}.Release|Any CPU.Build.0 = Release|Any CPU
	EndGlobalSection
EndGlobal
